
Microsoft Visual Studio Solution File, Format Version 12.00
# Visual Studio 15
VisualStudioVersion = 15.0.27130.2024
MinimumVisualStudioVersion = 10.0.40219.1
Project("{888888A0-9F3D-457C-B088-3A5042F75D52}") = "GTK_Ver", "GTK_Ver\GTK_Ver.pyproj", "{77E2245C-D106-425E-9F3C-3B6046E25E01}"
EndProject
Global
	GlobalSection(SolutionConfigurationPlatforms) = preSolution
		Debug|Any CPU = Debug|Any CPU
		Release|Any CPU = Release|Any CPU
	EndGlobalSection
	GlobalSection(ProjectConfigurationPlatforms) = postSolution
		{77E2245C-D106-425E-9F3C-3B6046E25E01}.Debug|Any CPU.ActiveCfg = Debug|Any CPU
		{77E2245C-D106-425E-9F3C-3B6046E25E01}.Release|Any CPU.ActiveCfg = Release|Any CPU
	EndGlobalSection
	GlobalSection(SolutionProperties) = preSolution
		HideSolutionNode = FALSE
	EndGlobalSection
	GlobalSection(ExtensibilityGlobals) = postSolution
		SolutionGuid = {BA97B7CF-5E6D-4167-A1E0-DDA9C7CB842E}
	EndGlobalSection
EndGlobal
